
Microsoft Visual Studio Solution File, Format Version 12.00
# Visual Studio Version 17
VisualStudioVersion = 17.6.33712.159
MinimumVisualStudioVersion = 10.0.40219.1
Project("{C9674DCB-5085-4A16-B785-4C70DD1589BD}") = "FP_test", "FP_test\FP_test.dtproj", "{5E74E36F-56FF-4A04-B964-E61378785186}"
EndProject
Global
	GlobalSection(SolutionConfigurationPlatforms) = preSolution
		Development|Default = Development|Default
	EndGlobalSection
	GlobalSection(ProjectConfigurationPlatforms) = postSolution
		{5E74E36F-56FF-4A04-B964-E61378785186}.Development|Default.ActiveCfg = Development
		{5E74E36F-56FF-4A04-B964-E61378785186}.Development|Default.Build.0 = Development
	EndGlobalSection
	GlobalSection(SolutionProperties) = preSolution
		HideSolutionNode = FALSE
	EndGlobalSection
	GlobalSection(ExtensibilityGlobals) = postSolution
		SolutionGuid = {D0104866-69D9-431A-AC7A-7EE647E87A5C}
	EndGlobalSection
EndGlobal
